// !$*UTF8*$!
{
	archiveVersion = 1;
	classes = {
	};
	objectVersion = 52;
	objects = {

/* Begin PBXBuildFile section */
		490E915524447AAF00115EF6 /* AppDelegate.swift in Sources */ = {isa = PBXBuildFile; fileRef = 490E915424447AAF00115EF6 /* AppDelegate.swift */; };
		490E915724447AAF00115EF6 /* SceneDelegate.swift in Sources */ = {isa = PBXBuildFile; fileRef = 490E915624447AAF00115EF6 /* SceneDelegate.swift */; };
		490E915924447AAF00115EF6 /* ContentView.swift in Sources */ = {isa = PBXBuildFile; fileRef = 490E915824447AAF00115EF6 /* ContentView.swift */; };
		490E915B24447AB100115EF6 /* Assets.xcassets in Resources */ = {isa = PBXBuildFile; fileRef = 490E915A24447AB100115EF6 /* Assets.xcassets */; };
		490E915E24447AB100115EF6 /* Preview Assets.xcassets in Resources */ = {isa = PBXBuildFile; fileRef = 490E915D24447AB100115EF6 /* Preview Assets.xcassets */; };
		490E916124447AB100115EF6 /* LaunchScreen.storyboard in Resources */ = {isa = PBXBuildFile; fileRef = 490E915F24447AB100115EF6 /* LaunchScreen.storyboard */; };
		490E916A24447B9B00115EF6 /* Apollo in Frameworks */ = {isa = PBXBuildFile; productRef = 490E916924447B9B00115EF6 /* Apollo */; };
		490E916D2444825400115EF6 /* SimpleProductList.graphql in Resources */ = {isa = PBXBuildFile; fileRef = 490E916C2444825400115EF6 /* SimpleProductList.graphql */; };
		490E916F2444855A00115EF6 /* API.swift in Sources */ = {isa = PBXBuildFile; fileRef = 490E916E2444855900115EF6 /* API.swift */; };
		490E91712444861900115EF6 /* Network.swift in Sources */ = {isa = PBXBuildFile; fileRef = 490E91702444861900115EF6 /* Network.swift */; };
		49278BC22467EE9F0064DE37 /* StoreKit.framework in Frameworks */ = {isa = PBXBuildFile; fileRef = 49278BC12467EE9F0064DE37 /* StoreKit.framework */; };
		49278BCC24687CA80064DE37 /* StoreObserver.swift in Sources */ = {isa = PBXBuildFile; fileRef = 49278BC724687CA80064DE37 /* StoreObserver.swift */; };
		49278BCE24687CA80064DE37 /* StoreManager.swift in Sources */ = {isa = PBXBuildFile; fileRef = 49278BC924687CA80064DE37 /* StoreManager.swift */; };
		49278BD124687CE40064DE37 /* AppDataTypes.swift in Sources */ = {isa = PBXBuildFile; fileRef = 49278BD024687CE40064DE37 /* AppDataTypes.swift */; };
		49278BD424687D290064DE37 /* AppProtocols.swift in Sources */ = {isa = PBXBuildFile; fileRef = 49278BD224687D290064DE37 /* AppProtocols.swift */; };
		49278BD524687D290064DE37 /* AppExtensions.swift in Sources */ = {isa = PBXBuildFile; fileRef = 49278BD324687D290064DE37 /* AppExtensions.swift */; };
		49F4115424448C8D00952D96 /* ProductFetcher.swift in Sources */ = {isa = PBXBuildFile; fileRef = 49F4115324448C8D00952D96 /* ProductFetcher.swift */; };
/* End PBXBuildFile section */

/* Begin PBXFileReference section */
		490E915124447AAF00115EF6 /* ios-native-storefront.app */ = {isa = PBXFileReference; explicitFileType = wrapper.application; includeInIndex = 0; path = "ios-native-storefront.app"; sourceTree = BUILT_PRODUCTS_DIR; };
		490E915424447AAF00115EF6 /* AppDelegate.swift */ = {isa = PBXFileReference; lastKnownFileType = sourcecode.swift; path = AppDelegate.swift; sourceTree = "<group>"; };
		490E915624447AAF00115EF6 /* SceneDelegate.swift */ = {isa = PBXFileReference; lastKnownFileType = sourcecode.swift; path = SceneDelegate.swift; sourceTree = "<group>"; };
		490E915824447AAF00115EF6 /* ContentView.swift */ = {isa = PBXFileReference; lastKnownFileType = sourcecode.swift; path = ContentView.swift; sourceTree = "<group>"; };
		490E915A24447AB100115EF6 /* Assets.xcassets */ = {isa = PBXFileReference; lastKnownFileType = folder.assetcatalog; path = Assets.xcassets; sourceTree = "<group>"; };
		490E915D24447AB100115EF6 /* Preview Assets.xcassets */ = {isa = PBXFileReference; lastKnownFileType = folder.assetcatalog; path = "Preview Assets.xcassets"; sourceTree = "<group>"; };
		490E916024447AB100115EF6 /* Base */ = {isa = PBXFileReference; lastKnownFileType = file.storyboard; name = Base; path = Base.lproj/LaunchScreen.storyboard; sourceTree = "<group>"; };
		490E916224447AB100115EF6 /* Info.plist */ = {isa = PBXFileReference; lastKnownFileType = text.plist.xml; path = Info.plist; sourceTree = "<group>"; };
		490E916C2444825400115EF6 /* SimpleProductList.graphql */ = {isa = PBXFileReference; lastKnownFileType = text; path = SimpleProductList.graphql; sourceTree = "<group>"; };
		490E916E2444855900115EF6 /* API.swift */ = {isa = PBXFileReference; fileEncoding = 4; lastKnownFileType = sourcecode.swift; path = API.swift; sourceTree = "<group>"; };
		490E91702444861900115EF6 /* Network.swift */ = {isa = PBXFileReference; lastKnownFileType = sourcecode.swift; path = Network.swift; sourceTree = "<group>"; };
		49278BC12467EE9F0064DE37 /* StoreKit.framework */ = {isa = PBXFileReference; lastKnownFileType = wrapper.framework; name = StoreKit.framework; path = System/Library/Frameworks/StoreKit.framework; sourceTree = SDKROOT; };
		49278BC32467EEA60064DE37 /* ios-native-storefront.entitlements */ = {isa = PBXFileReference; lastKnownFileType = text.plist.entitlements; path = "ios-native-storefront.entitlements"; sourceTree = "<group>"; };
		49278BC724687CA80064DE37 /* StoreObserver.swift */ = {isa = PBXFileReference; fileEncoding = 4; lastKnownFileType = sourcecode.swift; path = StoreObserver.swift; sourceTree = "<group>"; };
		49278BC924687CA80064DE37 /* StoreManager.swift */ = {isa = PBXFileReference; fileEncoding = 4; lastKnownFileType = sourcecode.swift; path = StoreManager.swift; sourceTree = "<group>"; };
		49278BD024687CE40064DE37 /* AppDataTypes.swift */ = {isa = PBXFileReference; fileEncoding = 4; lastKnownFileType = sourcecode.swift; path = AppDataTypes.swift; sourceTree = "<group>"; };
		49278BD224687D290064DE37 /* AppProtocols.swift */ = {isa = PBXFileReference; fileEncoding = 4; lastKnownFileType = sourcecode.swift; path = AppProtocols.swift; sourceTree = "<group>"; };
		49278BD324687D290064DE37 /* AppExtensions.swift */ = {isa = PBXFileReference; fileEncoding = 4; lastKnownFileType = sourcecode.swift; path = AppExtensions.swift; sourceTree = "<group>"; };
		49F4115324448C8D00952D96 /* ProductFetcher.swift */ = {isa = PBXFileReference; lastKnownFileType = sourcecode.swift; path = ProductFetcher.swift; sourceTree = "<group>"; };
/* End PBXFileReference section */

/* Begin PBXFrameworksBuildPhase section */
		490E914E24447AAF00115EF6 /* Frameworks */ = {
			isa = PBXFrameworksBuildPhase;
			buildActionMask = 2147483647;
			files = (
				490E916A24447B9B00115EF6 /* Apollo in Frameworks */,
				49278BC22467EE9F0064DE37 /* StoreKit.framework in Frameworks */,
			);
			runOnlyForDeploymentPostprocessing = 0;
		};
/* End PBXFrameworksBuildPhase section */

/* Begin PBXGroup section */
		490E914824447AAF00115EF6 = {
			isa = PBXGroup;
			children = (
				490E915324447AAF00115EF6 /* ios-native-storefront */,
				490E915224447AAF00115EF6 /* Products */,
				49278BC02467EE9F0064DE37 /* Frameworks */,
			);
			sourceTree = "<group>";
		};
		490E915224447AAF00115EF6 /* Products */ = {
			isa = PBXGroup;
			children = (
				490E915124447AAF00115EF6 /* ios-native-storefront.app */,
			);
			name = Products;
			sourceTree = "<group>";
		};
		490E915324447AAF00115EF6 /* ios-native-storefront */ = {
			isa = PBXGroup;
			children = (
				49278BD324687D290064DE37 /* AppExtensions.swift */,
				49278BD224687D290064DE37 /* AppProtocols.swift */,
				49278BD024687CE40064DE37 /* AppDataTypes.swift */,
				49278BC924687CA80064DE37 /* StoreManager.swift */,
				49278BC724687CA80064DE37 /* StoreObserver.swift */,
				49278BC32467EEA60064DE37 /* ios-native-storefront.entitlements */,
				490E916E2444855900115EF6 /* API.swift */,
				490E915424447AAF00115EF6 /* AppDelegate.swift */,
				490E915624447AAF00115EF6 /* SceneDelegate.swift */,
				490E915824447AAF00115EF6 /* ContentView.swift */,
				490E915A24447AB100115EF6 /* Assets.xcassets */,
				490E915F24447AB100115EF6 /* LaunchScreen.storyboard */,
				490E916224447AB100115EF6 /* Info.plist */,
				490E915C24447AB100115EF6 /* Preview Content */,
				490E916C2444825400115EF6 /* SimpleProductList.graphql */,
				490E91702444861900115EF6 /* Network.swift */,
				49F4115324448C8D00952D96 /* ProductFetcher.swift */,
			);
			path = "ios-native-storefront";
			sourceTree = "<group>";
		};
		490E915C24447AB100115EF6 /* Preview Content */ = {
			isa = PBXGroup;
			children = (
				490E915D24447AB100115EF6 /* Preview Assets.xcassets */,
			);
			path = "Preview Content";
			sourceTree = "<group>";
		};
		49278BC02467EE9F0064DE37 /* Frameworks */ = {
			isa = PBXGroup;
			children = (
				49278BC12467EE9F0064DE37 /* StoreKit.framework */,
			);
			name = Frameworks;
			sourceTree = "<group>";
		};
/* End PBXGroup section */

/* Begin PBXNativeTarget section */
		490E915024447AAF00115EF6 /* ios-native-storefront */ = {
			isa = PBXNativeTarget;
			buildConfigurationList = 490E916524447AB100115EF6 /* Build configuration list for PBXNativeTarget "ios-native-storefront" */;
			buildPhases = (
				490E916B2444806B00115EF6 /* Apollo CodeGen */,
				490E914D24447AAF00115EF6 /* Sources */,
				490E914E24447AAF00115EF6 /* Frameworks */,
				490E914F24447AAF00115EF6 /* Resources */,
			);
			buildRules = (
			);
			dependencies = (
			);
			name = "ios-native-storefront";
			packageProductDependencies = (
				490E916924447B9B00115EF6 /* Apollo */,
			);
			productName = "ios-native-storefront";
			productReference = 490E915124447AAF00115EF6 /* ios-native-storefront.app */;
			productType = "com.apple.product-type.application";
		};
/* End PBXNativeTarget section */

/* Begin PBXProject section */
		490E914924447AAF00115EF6 /* Project object */ = {
			isa = PBXProject;
			attributes = {
				LastSwiftUpdateCheck = 1140;
				LastUpgradeCheck = 1140;
				ORGANIZATIONNAME = "Pascal Kaufmann";
				TargetAttributes = {
					490E915024447AAF00115EF6 = {
						CreatedOnToolsVersion = 11.4;
					};
				};
			};
			buildConfigurationList = 490E914C24447AAF00115EF6 /* Build configuration list for PBXProject "ios-native-storefront" */;
			compatibilityVersion = "Xcode 9.3";
			developmentRegion = en;
			hasScannedForEncodings = 0;
			knownRegions = (
				en,
				Base,
			);
			mainGroup = 490E914824447AAF00115EF6;
			packageReferences = (
				490E916824447B9B00115EF6 /* XCRemoteSwiftPackageReference "apollo-ios" */,
			);
			productRefGroup = 490E915224447AAF00115EF6 /* Products */;
			projectDirPath = "";
			projectRoot = "";
			targets = (
				490E915024447AAF00115EF6 /* ios-native-storefront */,
			);
		};
/* End PBXProject section */

/* Begin PBXResourcesBuildPhase section */
		490E914F24447AAF00115EF6 /* Resources */ = {
			isa = PBXResourcesBuildPhase;
			buildActionMask = 2147483647;
			files = (
				490E916124447AB100115EF6 /* LaunchScreen.storyboard in Resources */,
				490E916D2444825400115EF6 /* SimpleProductList.graphql in Resources */,
				490E915E24447AB100115EF6 /* Preview Assets.xcassets in Resources */,
				490E915B24447AB100115EF6 /* Assets.xcassets in Resources */,
			);
			runOnlyForDeploymentPostprocessing = 0;
		};
/* End PBXResourcesBuildPhase section */

/* Begin PBXShellScriptBuildPhase section */
		490E916B2444806B00115EF6 /* Apollo CodeGen */ = {
			isa = PBXShellScriptBuildPhase;
			buildActionMask = 2147483647;
			files = (
			);
			inputFileListPaths = (
			);
			inputPaths = (
			);
			name = "Apollo CodeGen";
			outputFileListPaths = (
			);
			outputPaths = (
			);
			runOnlyForDeploymentPostprocessing = 0;
			shellPath = /bin/sh;
			shellScript = "cd \"${SRCROOT}\"/Codegen\nxcrun -sdk macosx swift run\n";
		};
/* End PBXShellScriptBuildPhase section */

/* Begin PBXSourcesBuildPhase section */
		490E914D24447AAF00115EF6 /* Sources */ = {
			isa = PBXSourcesBuildPhase;
			buildActionMask = 2147483647;
			files = (
				490E91712444861900115EF6 /* Network.swift in Sources */,
				49F4115424448C8D00952D96 /* ProductFetcher.swift in Sources */,
				49278BCE24687CA80064DE37 /* StoreManager.swift in Sources */,
				490E915524447AAF00115EF6 /* AppDelegate.swift in Sources */,
				49278BD424687D290064DE37 /* AppProtocols.swift in Sources */,
				490E915724447AAF00115EF6 /* SceneDelegate.swift in Sources */,
				49278BCC24687CA80064DE37 /* StoreObserver.swift in Sources */,
				49278BD124687CE40064DE37 /* AppDataTypes.swift in Sources */,
				490E916F2444855A00115EF6 /* API.swift in Sources */,
				490E915924447AAF00115EF6 /* ContentView.swift in Sources */,
				49278BD524687D290064DE37 /* AppExtensions.swift in Sources */,
			);
			runOnlyForDeploymentPostprocessing = 0;
		};
/* End PBXSourcesBuildPhase section */

/* Begin PBXVariantGroup section */
		490E915F24447AB100115EF6 /* LaunchScreen.storyboard */ = {
			isa = PBXVariantGroup;
			children = (
				490E916024447AB100115EF6 /* Base */,
			);
			name = LaunchScreen.storyboard;
			sourceTree = "<group>";
		};
/* End PBXVariantGroup section */

/* Begin XCBuildConfiguration section */
		490E916324447AB100115EF6 /* Debug */ = {
			isa = XCBuildConfiguration;
			buildSettings = {
				ALWAYS_SEARCH_USER_PATHS = NO;
				CLANG_ANALYZER_NONNULL = YES;
				CLANG_ANALYZER_NUMBER_OBJECT_CONVERSION = YES_AGGRESSIVE;
				CLANG_CXX_LANGUAGE_STANDARD = "gnu++14";
				CLANG_CXX_LIBRARY = "libc++";
				CLANG_ENABLE_MODULES = YES;
				CLANG_ENABLE_OBJC_ARC = YES;
				CLANG_ENABLE_OBJC_WEAK = YES;
				CLANG_WARN_BLOCK_CAPTURE_AUTORELEASING = YES;
				CLANG_WARN_BOOL_CONVERSION = YES;
				CLANG_WARN_COMMA = YES;
				CLANG_WARN_CONSTANT_CONVERSION = YES;
				CLANG_WARN_DEPRECATED_OBJC_IMPLEMENTATIONS = YES;
				CLANG_WARN_DIRECT_OBJC_ISA_USAGE = YES_ERROR;
				CLANG_WARN_DOCUMENTATION_COMMENTS = YES;
				CLANG_WARN_EMPTY_BODY = YES;
				CLANG_WARN_ENUM_CONVERSION = YES;
				CLANG_WARN_INFINITE_RECURSION = YES;
				CLANG_WARN_INT_CONVERSION = YES;
				CLANG_WARN_NON_LITERAL_NULL_CONVERSION = YES;
				CLANG_WARN_OBJC_IMPLICIT_RETAIN_SELF = YES;
				CLANG_WARN_OBJC_LITERAL_CONVERSION = YES;
				CLANG_WARN_OBJC_ROOT_CLASS = YES_ERROR;
				CLANG_WARN_RANGE_LOOP_ANALYSIS = YES;
				CLANG_WARN_STRICT_PROTOTYPES = YES;
				CLANG_WARN_SUSPICIOUS_MOVE = YES;
				CLANG_WARN_UNGUARDED_AVAILABILITY = YES_AGGRESSIVE;
				CLANG_WARN_UNREACHABLE_CODE = YES;
				CLANG_WARN__DUPLICATE_METHOD_MATCH = YES;
				COPY_PHASE_STRIP = NO;
				DEBUG_INFORMATION_FORMAT = dwarf;
				ENABLE_STRICT_OBJC_MSGSEND = YES;
				ENABLE_TESTABILITY = YES;
				GCC_C_LANGUAGE_STANDARD = gnu11;
				GCC_DYNAMIC_NO_PIC = NO;
				GCC_NO_COMMON_BLOCKS = YES;
				GCC_OPTIMIZATION_LEVEL = 0;
				GCC_PREPROCESSOR_DEFINITIONS = (
					"DEBUG=1",
					"$(inherited)",
				);
				GCC_WARN_64_TO_32_BIT_CONVERSION = YES;
				GCC_WARN_ABOUT_RETURN_TYPE = YES_ERROR;
				GCC_WARN_UNDECLARED_SELECTOR = YES;
				GCC_WARN_UNINITIALIZED_AUTOS = YES_AGGRESSIVE;
				GCC_WARN_UNUSED_FUNCTION = YES;
				GCC_WARN_UNUSED_VARIABLE = YES;
				IPHONEOS_DEPLOYMENT_TARGET = 13.4;
				MTL_ENABLE_DEBUG_INFO = INCLUDE_SOURCE;
				MTL_FAST_MATH = YES;
				ONLY_ACTIVE_ARCH = YES;
				SDKROOT = iphoneos;
				SWIFT_ACTIVE_COMPILATION_CONDITIONS = DEBUG;
				SWIFT_OPTIMIZATION_LEVEL = "-Onone";
			};
			name = Debug;
		};
		490E916424447AB100115EF6 /* Release */ = {
			isa = XCBuildConfiguration;
			buildSettings = {
				ALWAYS_SEARCH_USER_PATHS = NO;
				CLANG_ANALYZER_NONNULL = YES;
				CLANG_ANALYZER_NUMBER_OBJECT_CONVERSION = YES_AGGRESSIVE;
				CLANG_CXX_LANGUAGE_STANDARD = "gnu++14";
				CLANG_CXX_LIBRARY = "libc++";
				CLANG_ENABLE_MODULES = YES;
				CLANG_ENABLE_OBJC_ARC = YES;
				CLANG_ENABLE_OBJC_WEAK = YES;
				CLANG_WARN_BLOCK_CAPTURE_AUTORELEASING = YES;
				CLANG_WARN_BOOL_CONVERSION = YES;
				CLANG_WARN_COMMA = YES;
				CLANG_WARN_CONSTANT_CONVERSION = YES;
				CLANG_WARN_DEPRECATED_OBJC_IMPLEMENTATIONS = YES;
				CLANG_WARN_DIRECT_OBJC_ISA_USAGE = YES_ERROR;
				CLANG_WARN_DOCUMENTATION_COMMENTS = YES;
				CLANG_WARN_EMPTY_BODY = YES;
				CLANG_WARN_ENUM_CONVERSION = YES;
				CLANG_WARN_INFINITE_RECURSION = YES;
				CLANG_WARN_INT_CONVERSION = YES;
				CLANG_WARN_NON_LITERAL_NULL_CONVERSION = YES;
				CLANG_WARN_OBJC_IMPLICIT_RETAIN_SELF = YES;
				CLANG_WARN_OBJC_LITERAL_CONVERSION = YES;
				CLANG_WARN_OBJC_ROOT_CLASS = YES_ERROR;
				CLANG_WARN_RANGE_LOOP_ANALYSIS = YES;
				CLANG_WARN_STRICT_PROTOTYPES = YES;
				CLANG_WARN_SUSPICIOUS_MOVE = YES;
				CLANG_WARN_UNGUARDED_AVAILABILITY = YES_AGGRESSIVE;
				CLANG_WARN_UNREACHABLE_CODE = YES;
				CLANG_WARN__DUPLICATE_METHOD_MATCH = YES;
				COPY_PHASE_STRIP = NO;
				DEBUG_INFORMATION_FORMAT = "dwarf-with-dsym";
				ENABLE_NS_ASSERTIONS = NO;
				ENABLE_STRICT_OBJC_MSGSEND = YES;
				GCC_C_LANGUAGE_STANDARD = gnu11;
				GCC_NO_COMMON_BLOCKS = YES;
				GCC_WARN_64_TO_32_BIT_CONVERSION = YES;
				GCC_WARN_ABOUT_RETURN_TYPE = YES_ERROR;
				GCC_WARN_UNDECLARED_SELECTOR = YES;
				GCC_WARN_UNINITIALIZED_AUTOS = YES_AGGRESSIVE;
				GCC_WARN_UNUSED_FUNCTION = YES;
				GCC_WARN_UNUSED_VARIABLE = YES;
				IPHONEOS_DEPLOYMENT_TARGET = 13.4;
				MTL_ENABLE_DEBUG_INFO = NO;
				MTL_FAST_MATH = YES;
				SDKROOT = iphoneos;
				SWIFT_COMPILATION_MODE = wholemodule;
				SWIFT_OPTIMIZATION_LEVEL = "-O";
				VALIDATE_PRODUCT = YES;
			};
			name = Release;
		};
		490E916624447AB100115EF6 /* Debug */ = {
			isa = XCBuildConfiguration;
			buildSettings = {
				ASSETCATALOG_COMPILER_APPICON_NAME = AppIcon;
				CODE_SIGN_ENTITLEMENTS = "ios-native-storefront/ios-native-storefront.entitlements";
				CODE_SIGN_STYLE = Automatic;
				DEVELOPMENT_ASSET_PATHS = "\"ios-native-storefront/Preview Content\"";
				DEVELOPMENT_TEAM = SSCB95CV6U;
				ENABLE_PREVIEWS = YES;
				INFOPLIST_FILE = "ios-native-storefront/Info.plist";
				LD_RUNPATH_SEARCH_PATHS = (
					"$(inherited)",
					"@executable_path/Frameworks",
				);
				PRODUCT_BUNDLE_IDENTIFIER = "unchained.ios-native-storefront";
				PRODUCT_NAME = "$(TARGET_NAME)";
				SWIFT_VERSION = 5.0;
				TARGETED_DEVICE_FAMILY = "1,2";
			};
			name = Debug;
		};
		490E916724447AB100115EF6 /* Release */ = {
			isa = XCBuildConfiguration;
			buildSettings = {
				ASSETCATALOG_COMPILER_APPICON_NAME = AppIcon;
				CODE_SIGN_ENTITLEMENTS = "ios-native-storefront/ios-native-storefront.entitlements";
				CODE_SIGN_STYLE = Automatic;
				DEVELOPMENT_ASSET_PATHS = "\"ios-native-storefront/Preview Content\"";
				DEVELOPMENT_TEAM = SSCB95CV6U;
				ENABLE_PREVIEWS = YES;
				INFOPLIST_FILE = "ios-native-storefront/Info.plist";
				LD_RUNPATH_SEARCH_PATHS = (
					"$(inherited)",
					"@executable_path/Frameworks",
				);
				PRODUCT_BUNDLE_IDENTIFIER = "unchained.ios-native-storefront";
				PRODUCT_NAME = "$(TARGET_NAME)";
				SWIFT_VERSION = 5.0;
				TARGETED_DEVICE_FAMILY = "1,2";
			};
			name = Release;
		};
/* End XCBuildConfiguration section */

/* Begin XCConfigurationList section */
		490E914C24447AAF00115EF6 /* Build configuration list for PBXProject "ios-native-storefront" */ = {
			isa = XCConfigurationList;
			buildConfigurations = (
				490E916324447AB100115EF6 /* Debug */,
				490E916424447AB100115EF6 /* Release */,
			);
			defaultConfigurationIsVisible = 0;
			defaultConfigurationName = Release;
		};
		490E916524447AB100115EF6 /* Build configuration list for PBXNativeTarget "ios-native-storefront" */ = {
			isa = XCConfigurationList;
			buildConfigurations = (
				490E916624447AB100115EF6 /* Debug */,
				490E916724447AB100115EF6 /* Release */,
			);
			defaultConfigurationIsVisible = 0;
			defaultConfigurationName = Release;
		};
/* End XCConfigurationList section */

/* Begin XCRemoteSwiftPackageReference section */
		490E916824447B9B00115EF6 /* XCRemoteSwiftPackageReference "apollo-ios" */ = {
			isa = XCRemoteSwiftPackageReference;
			repositoryURL = "https://github.com/apollographql/apollo-ios.git";
			requirement = {
				kind = upToNextMajorVersion;
				minimumVersion = 0.25.0;
			};
		};
/* End XCRemoteSwiftPackageReference section */

/* Begin XCSwiftPackageProductDependency section */
		490E916924447B9B00115EF6 /* Apollo */ = {
			isa = XCSwiftPackageProductDependency;
			package = 490E916824447B9B00115EF6 /* XCRemoteSwiftPackageReference "apollo-ios" */;
			productName = Apollo;
		};
/* End XCSwiftPackageProductDependency section */
	};
	rootObject = 490E914924447AAF00115EF6 /* Project object */;
}
